
Microsoft Visual Studio Solution File, Format Version 12.00
# Visual Studio Version 17
VisualStudioVersion = 17.14.36623.8 d17.14
MinimumVisualStudioVersion = 10.0.40219.1
Project("{FAE04EC0-301F-11D3-BF4B-00C04F79EFBC}") = "App", "App.csproj", "{2DE2C79E-51C5-44F7-9A51-C43E63F91A86}"
EndProject
Global
	GlobalSection(SolutionConfigurationPlatforms) = preSolution
		Debug|Any CPU = Debug|Any CPU
		Release|Any CPU = Release|Any CPU
	EndGlobalSection
	GlobalSection(ProjectConfigurationPlatforms) = postSolution
		{2DE2C79E-51C5-44F7-9A51-C43E63F91A86}.Debug|Any CPU.ActiveCfg = Debug|Any CPU
		{2DE2C79E-51C5-44F7-9A51-C43E63F91A86}.Debug|Any CPU.Build.0 = Debug|Any CPU
		{2DE2C79E-51C5-44F7-9A51-C43E63F91A86}.Release|Any CPU.ActiveCfg = Release|Any CPU
		{2DE2C79E-51C5-44F7-9A51-C43E63F91A86}.Release|Any CPU.Build.0 = Release|Any CPU
	EndGlobalSection
	GlobalSection(SolutionProperties) = preSolution
		HideSolutionNode = FALSE
	EndGlobalSection
	GlobalSection(ExtensibilityGlobals) = postSolution
		SolutionGuid = {2B2A8D4F-0F91-4F74-A6D1-56BAAF049C12}
	EndGlobalSection
EndGlobal
